
Microsoft Visual Studio Solution File, Format Version 12.00
# Visual Studio 2012
Project("{FAE04EC0-301F-11D3-BF4B-00C04F79EFBC}") = "site-template", "site-template\site-template.csproj", "{1FE3A5A9-9E1D-4F1A-9694-8082DC56889A}"
EndProject
Project("{FAE04EC0-301F-11D3-BF4B-00C04F79EFBC}") = "site-template.backend", "site-template.backend\site-template.backend.csproj", "{18AD2476-26E0-4FAA-924C-C227110DD427}"
EndProject
Global
	GlobalSection(SolutionConfigurationPlatforms) = preSolution
		AutomatedRelease|Any CPU = AutomatedRelease|Any CPU
		Debug|Any CPU = Debug|Any CPU
		Release|Any CPU = Release|Any CPU
	EndGlobalSection
	GlobalSection(ProjectConfigurationPlatforms) = postSolution
		{1FE3A5A9-9E1D-4F1A-9694-8082DC56889A}.AutomatedRelease|Any CPU.ActiveCfg = Release|Any CPU
		{1FE3A5A9-9E1D-4F1A-9694-8082DC56889A}.AutomatedRelease|Any CPU.Build.0 = Release|Any CPU
		{1FE3A5A9-9E1D-4F1A-9694-8082DC56889A}.Debug|Any CPU.ActiveCfg = Debug|Any CPU
		{1FE3A5A9-9E1D-4F1A-9694-8082DC56889A}.Debug|Any CPU.Build.0 = Debug|Any CPU
		{1FE3A5A9-9E1D-4F1A-9694-8082DC56889A}.Release|Any CPU.ActiveCfg = Release|Any CPU
		{1FE3A5A9-9E1D-4F1A-9694-8082DC56889A}.Release|Any CPU.Build.0 = Release|Any CPU
		{18AD2476-26E0-4FAA-924C-C227110DD427}.AutomatedRelease|Any CPU.ActiveCfg = Release|Any CPU
		{18AD2476-26E0-4FAA-924C-C227110DD427}.AutomatedRelease|Any CPU.Build.0 = Release|Any CPU
		{18AD2476-26E0-4FAA-924C-C227110DD427}.Debug|Any CPU.ActiveCfg = Debug|Any CPU
		{18AD2476-26E0-4FAA-924C-C227110DD427}.Debug|Any CPU.Build.0 = Debug|Any CPU
		{18AD2476-26E0-4FAA-924C-C227110DD427}.Release|Any CPU.ActiveCfg = Release|Any CPU
		{18AD2476-26E0-4FAA-924C-C227110DD427}.Release|Any CPU.Build.0 = Release|Any CPU
	EndGlobalSection
	GlobalSection(SolutionProperties) = preSolution
		HideSolutionNode = FALSE
	EndGlobalSection
EndGlobal
